
Microsoft Visual Studio Solution File, Format Version 12.00
# Visual Studio Version 16
VisualStudioVersion = 16.0.32126.315
MinimumVisualStudioVersion = 10.0.40219.1
Project("{FAE04EC0-301F-11D3-BF4B-00C04F79EFBC}") = "Project_3", "Project_3.csproj", "{06B1AA26-37C6-4400-8869-ACFE7C86B430}"
EndProject
Global
	GlobalSection(SolutionConfigurationPlatforms) = preSolution
		Debug|Any CPU = Debug|Any CPU
		Release|Any CPU = Release|Any CPU
	EndGlobalSection
	GlobalSection(ProjectConfigurationPlatforms) = postSolution
		{06B1AA26-37C6-4400-8869-ACFE7C86B430}.Debug|Any CPU.ActiveCfg = Debug|Any CPU
		{06B1AA26-37C6-4400-8869-ACFE7C86B430}.Debug|Any CPU.Build.0 = Debug|Any CPU
		{06B1AA26-37C6-4400-8869-ACFE7C86B430}.Release|Any CPU.ActiveCfg = Release|Any CPU
		{06B1AA26-37C6-4400-8869-ACFE7C86B430}.Release|Any CPU.Build.0 = Release|Any CPU
	EndGlobalSection
	GlobalSection(SolutionProperties) = preSolution
		HideSolutionNode = FALSE
	EndGlobalSection
	GlobalSection(ExtensibilityGlobals) = postSolution
		SolutionGuid = {89821CA6-7F98-426E-9E75-D94B571293FB}
	EndGlobalSection
EndGlobal
